uuid: 89a0be3b-c1bd-4b51-87dc-a4d724c68802
langcode: en
status: true
dependencies:
  module:
    - block_field
    - paragraphs
id: paragraph.field_p_block
field_name: field_p_block
entity_type: paragraph
type: block_field
settings: {  }
module: block_field
locked: false
cardinality: 1
translatable: true
indexes: {  }
persist_with_no_fields: false
custom_storage: false
